
Microsoft Visual Studio Solution File, Format Version 12.00
# Visual Studio Version 17
VisualStudioVersion = 17.4.33213.308
MinimumVisualStudioVersion = 10.0.40219.1
Project("{FAE04EC0-301F-11D3-BF4B-00C04F79EFBC}") = "DataAccess", "DataAccess\DataAccess.csproj", "{A25CCFCE-6FE1-47CE-9644-B619BEDE8660}"
EndProject
Project("{FAE04EC0-301F-11D3-BF4B-00C04F79EFBC}") = "Domain", "Domain\Domain.csproj", "{8728AB58-B225-4580-A93D-E985AF996490}"
EndProject
Project("{FAE04EC0-301F-11D3-BF4B-00C04F79EFBC}") = "WebApi", "WebApi\WebApi.csproj", "{73A13B05-2195-4D87-BBF3-A23B620509F2}"
EndProject
Project("{FAE04EC0-301F-11D3-BF4B-00C04F79EFBC}") = "Application", "Application\Application.csproj", "{F4A381C7-D632-4934-9FC8-4F793B54F42A}"
EndProject
Project("{2150E333-8FDC-42A3-9474-1A3956D46DE8}") = "PrivateWebApi", "PrivateWebApi", "{38919ECC-A3C5-4156-BF1B-13E9744E79DC}"
EndProject
Project("{FAE04EC0-301F-11D3-BF4B-00C04F79EFBC}") = "Dtos", "Dtos\Dtos.csproj", "{0B7CA8B9-3B97-4F06-8233-FFE55D8A1C19}"
EndProject
Project("{FAE04EC0-301F-11D3-BF4B-00C04F79EFBC}") = "Testing", "Testing\Testing.csproj", "{EEE0B172-732F-4E9E-8C16-CF58790B97E8}"
EndProject
Global
	GlobalSection(SolutionConfigurationPlatforms) = preSolution
		Debug|Any CPU = Debug|Any CPU
		Release|Any CPU = Release|Any CPU
	EndGlobalSection
	GlobalSection(ProjectConfigurationPlatforms) = postSolution
		{A25CCFCE-6FE1-47CE-9644-B619BEDE8660}.Debug|Any CPU.ActiveCfg = Debug|Any CPU
		{A25CCFCE-6FE1-47CE-9644-B619BEDE8660}.Debug|Any CPU.Build.0 = Debug|Any CPU
		{A25CCFCE-6FE1-47CE-9644-B619BEDE8660}.Release|Any CPU.ActiveCfg = Release|Any CPU
		{A25CCFCE-6FE1-47CE-9644-B619BEDE8660}.Release|Any CPU.Build.0 = Release|Any CPU
		{8728AB58-B225-4580-A93D-E985AF996490}.Debug|Any CPU.ActiveCfg = Debug|Any CPU
		{8728AB58-B225-4580-A93D-E985AF996490}.Debug|Any CPU.Build.0 = Debug|Any CPU
		{8728AB58-B225-4580-A93D-E985AF996490}.Release|Any CPU.ActiveCfg = Release|Any CPU
		{8728AB58-B225-4580-A93D-E985AF996490}.Release|Any CPU.Build.0 = Release|Any CPU
		{73A13B05-2195-4D87-BBF3-A23B620509F2}.Debug|Any CPU.ActiveCfg = Debug|Any CPU
		{73A13B05-2195-4D87-BBF3-A23B620509F2}.Debug|Any CPU.Build.0 = Debug|Any CPU
		{73A13B05-2195-4D87-BBF3-A23B620509F2}.Release|Any CPU.ActiveCfg = Release|Any CPU
		{73A13B05-2195-4D87-BBF3-A23B620509F2}.Release|Any CPU.Build.0 = Release|Any CPU
		{F4A381C7-D632-4934-9FC8-4F793B54F42A}.Debug|Any CPU.ActiveCfg = Debug|Any CPU
		{F4A381C7-D632-4934-9FC8-4F793B54F42A}.Debug|Any CPU.Build.0 = Debug|Any CPU
		{F4A381C7-D632-4934-9FC8-4F793B54F42A}.Release|Any CPU.ActiveCfg = Release|Any CPU
		{F4A381C7-D632-4934-9FC8-4F793B54F42A}.Release|Any CPU.Build.0 = Release|Any CPU
		{0B7CA8B9-3B97-4F06-8233-FFE55D8A1C19}.Debug|Any CPU.ActiveCfg = Debug|Any CPU
		{0B7CA8B9-3B97-4F06-8233-FFE55D8A1C19}.Debug|Any CPU.Build.0 = Debug|Any CPU
		{0B7CA8B9-3B97-4F06-8233-FFE55D8A1C19}.Release|Any CPU.ActiveCfg = Release|Any CPU
		{0B7CA8B9-3B97-4F06-8233-FFE55D8A1C19}.Release|Any CPU.Build.0 = Release|Any CPU
		{EEE0B172-732F-4E9E-8C16-CF58790B97E8}.Debug|Any CPU.ActiveCfg = Debug|Any CPU
		{EEE0B172-732F-4E9E-8C16-CF58790B97E8}.Debug|Any CPU.Build.0 = Debug|Any CPU
		{EEE0B172-732F-4E9E-8C16-CF58790B97E8}.Release|Any CPU.ActiveCfg = Release|Any CPU
		{EEE0B172-732F-4E9E-8C16-CF58790B97E8}.Release|Any CPU.Build.0 = Release|Any CPU
	EndGlobalSection
	GlobalSection(SolutionProperties) = preSolution
		HideSolutionNode = FALSE
	EndGlobalSection
	GlobalSection(NestedProjects) = preSolution
		{73A13B05-2195-4D87-BBF3-A23B620509F2} = {38919ECC-A3C5-4156-BF1B-13E9744E79DC}
		{0B7CA8B9-3B97-4F06-8233-FFE55D8A1C19} = {38919ECC-A3C5-4156-BF1B-13E9744E79DC}
	EndGlobalSection
	GlobalSection(ExtensibilityGlobals) = postSolution
		SolutionGuid = {8AB9671D-E040-40F0-B98E-8C1C7D4188AD}
	EndGlobalSection
EndGlobal
